{
  "nodes": {
    "cachix": {
      "inputs": {
        "devenv": "devenv",
        "flake-compat": "flake-compat_2",
        "hnix-store-core": "hnix-store-core",
        "nixpkgs": "nixpkgs_3"
      },
      "locked": {
        "lastModified": 1679144949,
        "narHash": "sha256-xhLCsAkz5c+XIqQ4eGY9bSp3zBgCDCaHXZ2HLk8vqmE=",
        "owner": "cachix",
        "repo": "cachix",
        "rev": "c8f0d787939c93cc686c2604f7d024e631e4a00d",
        "type": "github"
      },
      "original": {
        "owner": "cachix",
        "ref": "v1.3.3",
        "repo": "cachix",
        "type": "github"
      }
    },
    "deploy-rs": {
      "inputs": {
        "flake-compat": "flake-compat",
        "nixpkgs": "nixpkgs",
        "utils": "utils"
      },
      "locked": {
        "lastModified": 1683255183,
        "narHash": "sha256-UUxpb5PMkFfP2JGoPMEUvKbxv+wCkTWy4uZs1MyyCes=",
        "owner": "serokell",
        "repo": "deploy-rs",
        "rev": "6b0b6a1c2527e8b1ef370a308b6ef8903004ac47",
        "type": "github"
      },
      "original": {
        "owner": "serokell",
        "repo": "deploy-rs",
        "type": "github"
      }
    },
    "devenv": {
      "inputs": {
        "flake-compat": [
          "jenkins-nix-ci",
          "cachix",
          "flake-compat"
        ],
        "nix": "nix",
        "nixpkgs": "nixpkgs_2",
        "pre-commit-hooks": "pre-commit-hooks"
      },
      "locked": {
        "lastModified": 1679315774,
        "narHash": "sha256-vflBVlzqGABkEbI+hS6jX+VQHDDdyL4lEToOBW8+weI=",
        "owner": "cachix",
        "repo": "devenv",
        "rev": "71f5c3c4344c9ef3d065de85386b5481c8f26abb",
        "type": "github"
      },
      "original": {
        "owner": "cachix",
        "repo": "devenv",
        "type": "github"
      }
    },
    "devour-flake": {
      "flake": false,
      "locked": {
        "lastModified": 1683069808,
        "narHash": "sha256-bGNE/S3Bttj6z0afcmppz394NyJoLtfBj/Nb2u+KM6Q=",
        "owner": "srid",
        "repo": "devour-flake",
        "rev": "4fbbf950b201adcde1472f4253a647cee3cc1735",
        "type": "github"
      },
      "original": {
        "owner": "srid",
        "repo": "devour-flake",
        "type": "github"
      }
    },
    "flake-compat": {
      "flake": false,
      "locked": {
        "lastModified": 1668681692,
        "narHash": "sha256-Ht91NGdewz8IQLtWZ9LCeNXMSXHUss+9COoqu6JLmXU=",
        "owner": "edolstra",
        "repo": "flake-compat",
        "rev": "009399224d5e398d03b22badca40a37ac85412a1",
        "type": "github"
      },
      "original": {
        "owner": "edolstra",
        "repo": "flake-compat",
        "type": "github"
      }
    },
    "flake-compat_2": {
      "flake": false,
      "locked": {
        "lastModified": 1673956053,
        "narHash": "sha256-4gtG9iQuiKITOjNQQeQIpoIB6b16fm+504Ch3sNKLd8=",
        "owner": "edolstra",
        "repo": "flake-compat",
        "rev": "35bb57c0c8d8b62bbfd284272c928ceb64ddbde9",
        "type": "github"
      },
      "original": {
        "owner": "edolstra",
        "repo": "flake-compat",
        "type": "github"
      }
    },
    "flake-compat_3": {
      "flake": false,
      "locked": {
        "lastModified": 1606424373,
        "narHash": "sha256-oq8d4//CJOrVj+EcOaSXvMebvuTkmBJuT5tzlfewUnQ=",
        "owner": "edolstra",
        "repo": "flake-compat",
        "rev": "99f1c2157fba4bfe6211a321fd0ee43199025dbf",
        "type": "github"
      },
      "original": {
        "owner": "edolstra",
        "repo": "flake-compat",
        "type": "github"
      }
    },
    "flake-outputs": {
      "inputs": {
        "flake-parts": "flake-parts_2",
        "nixpkgs": "nixpkgs_4",
        "nuenv": "nuenv"
      },
      "locked": {
        "lastModified": 1681316211,
        "narHash": "sha256-pg13Q/OhXGsvCR3bUPV6vhRpwCmnYsxy7+vPjbAueJg=",
        "owner": "nix-systems",
        "repo": "flake-outputs",
        "rev": "ea55b0354b05fb64a918cc33daf69c15a55aa39b",
        "type": "github"
      },
      "original": {
        "owner": "nix-systems",
        "repo": "flake-outputs",
        "type": "github"
      }
    },
    "flake-parts": {
      "inputs": {
        "nixpkgs-lib": "nixpkgs-lib"
      },
      "locked": {
        "lastModified": 1678379998,
        "narHash": "sha256-TZdfNqftHhDuIFwBcN9MUThx5sQXCTeZk9je5byPKRw=",
        "owner": "hercules-ci",
        "repo": "flake-parts",
        "rev": "c13d60b89adea3dc20704c045ec4d50dd964d447",
        "type": "github"
      },
      "original": {
        "owner": "hercules-ci",
        "repo": "flake-parts",
        "type": "github"
      }
    },
    "flake-parts_2": {
      "inputs": {
        "nixpkgs-lib": "nixpkgs-lib_2"
      },
      "locked": {
        "lastModified": 1679737941,
        "narHash": "sha256-srSD9CwsVPnUMsIZ7Kt/UegkKUEBcTyU1Rev7mO45S0=",
        "owner": "hercules-ci",
        "repo": "flake-parts",
        "rev": "3502ee99d6dade045bdeaf7b0cd8ec703484c25c",
        "type": "github"
      },
      "original": {
        "owner": "hercules-ci",
        "repo": "flake-parts",
        "type": "github"
      }
    },
    "flake-utils": {
      "locked": {
        "lastModified": 1667395993,
        "narHash": "sha256-nuEHfE/LcWyuSWnS8t12N1wc105Qtau+/OdUAjtQ0rA=",
        "owner": "numtide",
        "repo": "flake-utils",
        "rev": "5aed5285a952e0b949eb3ba02c12fa4fcfef535f",
        "type": "github"
      },
      "original": {
        "owner": "numtide",
        "repo": "flake-utils",
        "type": "github"
      }
    },
    "flake-utils_2": {
      "locked": {
        "lastModified": 1659877975,
        "narHash": "sha256-zllb8aq3YO3h8B/U0/J1WBgAL8EX5yWf5pMj3G0NAmc=",
        "owner": "numtide",
        "repo": "flake-utils",
        "rev": "c0e246b9b83f637f4681389ecabcb2681b4f3af0",
        "type": "github"
      },
      "original": {
        "owner": "numtide",
        "repo": "flake-utils",
        "type": "github"
      }
    },
    "flake-utils_3": {
      "locked": {
        "lastModified": 1623875721,
        "narHash": "sha256-A8BU7bjS5GirpAUv4QA+QnJ4CceLHkcXdRp4xITDB0s=",
        "owner": "numtide",
        "repo": "flake-utils",
        "rev": "f7e004a55b120c02ecb6219596820fcd32ca8772",
        "type": "github"
      },
      "original": {
        "owner": "numtide",
        "repo": "flake-utils",
        "type": "github"
      }
    },
    "gitignore": {
      "inputs": {
        "nixpkgs": [
          "jenkins-nix-ci",
          "cachix",
          "devenv",
          "pre-commit-hooks",
          "nixpkgs"
        ]
      },
      "locked": {
        "lastModified": 1660459072,
        "narHash": "sha256-8DFJjXG8zqoONA1vXtgeKXy68KdJL5UaXR8NtVMUbx8=",
        "owner": "hercules-ci",
        "repo": "gitignore.nix",
        "rev": "a20de23b925fd8264fd7fad6454652e142fd7f73",
        "type": "github"
      },
      "original": {
        "owner": "hercules-ci",
        "repo": "gitignore.nix",
        "type": "github"
      }
    },
    "hnix-store-core": {
      "flake": false,
      "locked": {
        "lastModified": 1672658037,
        "narHash": "sha256-UOe+dY1dhCvdEKjPF1gNpfc4cNhZSKSbvu4yG+XVqbg=",
        "owner": "haskell-nix",
        "repo": "hnix-store",
        "rev": "81700e6e7c53bbd7c6b2c4913b9481e5827af92f",
        "type": "github"
      },
      "original": {
        "owner": "haskell-nix",
        "ref": "core-0.6.1.0",
        "repo": "hnix-store",
        "type": "github"
      }
    },
    "home-manager": {
      "inputs": {
        "nixpkgs": [
          "nixpkgs"
        ]
      },
      "locked": {
        "lastModified": 1682977601,
        "narHash": "sha256-F1Va/Uiw2tVNn27FLqWyBkiqDyIm/eCamw9wA/GK8Fw=",
        "owner": "nix-community",
        "repo": "home-manager",
        "rev": "0e4c33d76006c9080d2f228ba1c2308e3e4d7be6",
        "type": "github"
      },
      "original": {
        "owner": "nix-community",
        "repo": "home-manager",
        "type": "github"
      }
    },
    "jenkins-nix-ci": {
      "inputs": {
        "cachix": "cachix",
        "devour-flake": "devour-flake",
        "flake-outputs": "flake-outputs",
        "jenkinsPlugins2nix": "jenkinsPlugins2nix"
      },
      "locked": {
        "lastModified": 0,
        "narHash": "sha256-mzhBzWzrvGxBkX7TVw3lFFQUZnul6Nbx1HMlk/tBFjM=",
        "path": "../..",
        "type": "path"
      },
      "original": {
        "path": "../..",
        "type": "path"
      }
    },
    "jenkinsPlugins2nix": {
      "inputs": {
        "flake-compat": "flake-compat_3",
        "flake-utils": "flake-utils_3",
        "nixpkgs": "nixpkgs_6"
      },
      "locked": {
        "lastModified": 1629079129,
        "narHash": "sha256-OKNtUKjANDK0wEFypSsHuJuolg76OYEVPsNAwUBbLS4=",
        "owner": "Fuuzetsu",
        "repo": "jenkinsPlugins2nix",
        "rev": "fabb57351f23a6d458a638510b926d4c3f452ec2",
        "type": "github"
      },
      "original": {
        "owner": "Fuuzetsu",
        "repo": "jenkinsPlugins2nix",
        "type": "github"
      }
    },
    "lowdown-src": {
      "flake": false,
      "locked": {
        "lastModified": 1633514407,
        "narHash": "sha256-Dw32tiMjdK9t3ETl5fzGrutQTzh2rufgZV4A/BbxuD4=",
        "owner": "kristapsdz",
        "repo": "lowdown",
        "rev": "d2c2b44ff6c27b936ec27358a2653caaef8f73b8",
        "type": "github"
      },
      "original": {
        "owner": "kristapsdz",
        "repo": "lowdown",
        "type": "github"
      }
    },
    "nix": {
      "inputs": {
        "lowdown-src": "lowdown-src",
        "nixpkgs": [
          "jenkins-nix-ci",
          "cachix",
          "devenv",
          "nixpkgs"
        ],
        "nixpkgs-regression": "nixpkgs-regression"
      },
      "locked": {
        "lastModified": 1676545802,
        "narHash": "sha256-EK4rZ+Hd5hsvXnzSzk2ikhStJnD63odF7SzsQ8CuSPU=",
        "owner": "domenkozar",
        "repo": "nix",
        "rev": "7c91803598ffbcfe4a55c44ac6d49b2cf07a527f",
        "type": "github"
      },
      "original": {
        "owner": "domenkozar",
        "ref": "relaxed-flakes",
        "repo": "nix",
        "type": "github"
      }
    },
    "nix-darwin": {
      "inputs": {
        "nixpkgs": [
          "nixpkgs"
        ]
      },
      "locked": {
        "lastModified": 1683734967,
        "narHash": "sha256-hRuNo1vqmy4AFLqS5TpLgN80ZDy4fJfvGOJkMLdQmrU=",
        "owner": "shivaraj-bh",
        "repo": "nix-darwin",
        "rev": "f781cb0ac5ea2daa5183b8df8f4de4ef0747f440",
        "type": "github"
      },
      "original": {
        "owner": "shivaraj-bh",
        "ref": "authorized-keys",
        "repo": "nix-darwin",
        "type": "github"
      }
    },
    "nixos-flake": {
      "locked": {
        "lastModified": 1679404711,
        "narHash": "sha256-RNrCfkA9yGhuy3HrXY9NZsUg6yu8qcxwPoc9o9NwiI0=",
        "owner": "srid",
        "repo": "nixos-flake",
        "rev": "0d1ae4383d9bc18fcd3857917616188f6ae61ff4",
        "type": "github"
      },
      "original": {
        "owner": "srid",
        "repo": "nixos-flake",
        "type": "github"
      }
    },
    "nixpkgs": {
      "locked": {
        "lastModified": 1671417167,
        "narHash": "sha256-JkHam6WQOwZN1t2C2sbp1TqMv3TVRjzrdoejqfefwrM=",
        "owner": "NixOS",
        "repo": "nixpkgs",
        "rev": "bb31220cca6d044baa6dc2715b07497a2a7c4bc7",
        "type": "github"
      },
      "original": {
        "owner": "NixOS",
        "ref": "nixpkgs-unstable",
        "repo": "nixpkgs",
        "type": "github"
      }
    },
    "nixpkgs-lib": {
      "locked": {
        "dir": "lib",
        "lastModified": 1678375444,
        "narHash": "sha256-XIgHfGvjFvZQ8hrkfocanCDxMefc/77rXeHvYdzBMc8=",
        "owner": "NixOS",
        "repo": "nixpkgs",
        "rev": "130fa0baaa2b93ec45523fdcde942f6844ee9f6e",
        "type": "github"
      },
      "original": {
        "dir": "lib",
        "owner": "NixOS",
        "ref": "nixos-unstable",
        "repo": "nixpkgs",
        "type": "github"
      }
    },
    "nixpkgs-lib_2": {
      "locked": {
        "dir": "lib",
        "lastModified": 1678375444,
        "narHash": "sha256-XIgHfGvjFvZQ8hrkfocanCDxMefc/77rXeHvYdzBMc8=",
        "owner": "NixOS",
        "repo": "nixpkgs",
        "rev": "130fa0baaa2b93ec45523fdcde942f6844ee9f6e",
        "type": "github"
      },
      "original": {
        "dir": "lib",
        "owner": "NixOS",
        "ref": "nixos-unstable",
        "repo": "nixpkgs",
        "type": "github"
      }
    },
    "nixpkgs-regression": {
      "locked": {
        "lastModified": 1643052045,
        "narHash": "sha256-uGJ0VXIhWKGXxkeNnq4TvV3CIOkUJ3PAoLZ3HMzNVMw=",
        "owner": "NixOS",
        "repo": "nixpkgs",
        "rev": "215d4d0fd80ca5163643b03a33fde804a29cc1e2",
        "type": "github"
      },
      "original": {
        "owner": "NixOS",
        "repo": "nixpkgs",
        "rev": "215d4d0fd80ca5163643b03a33fde804a29cc1e2",
        "type": "github"
      }
    },
    "nixpkgs-stable": {
      "locked": {
        "lastModified": 1673800717,
        "narHash": "sha256-SFHraUqLSu5cC6IxTprex/nTsI81ZQAtDvlBvGDWfnA=",
        "owner": "NixOS",
        "repo": "nixpkgs",
        "rev": "2f9fd351ec37f5d479556cd48be4ca340da59b8f",
        "type": "github"
      },
      "original": {
        "owner": "NixOS",
        "ref": "nixos-22.11",
        "repo": "nixpkgs",
        "type": "github"
      }
    },
    "nixpkgs-stable_2": {
      "locked": {
        "lastModified": 1679748960,
        "narHash": "sha256-BP8XcYHyj1NxQi04RpyNW8e7KiXSoI+Fy1tXIK2GfdA=",
        "owner": "NixOS",
        "repo": "nixpkgs",
        "rev": "da26ae9f6ce2c9ab380c0f394488892616fc5a6a",
        "type": "github"
      },
      "original": {
        "owner": "NixOS",
        "ref": "release-22.11",
        "repo": "nixpkgs",
        "type": "github"
      }
    },
    "nixpkgs_2": {
      "locked": {
        "lastModified": 1678875422,
        "narHash": "sha256-T3o6NcQPwXjxJMn2shz86Chch4ljXgZn746c2caGxd8=",
        "owner": "NixOS",
        "repo": "nixpkgs",
        "rev": "126f49a01de5b7e35a43fd43f891ecf6d3a51459",
        "type": "github"
      },
      "original": {
        "owner": "NixOS",
        "ref": "nixpkgs-unstable",
        "repo": "nixpkgs",
        "type": "github"
      }
    },
    "nixpkgs_3": {
      "locked": {
        "lastModified": 1681759395,
        "narHash": "sha256-7aaRtLxLAy8qFVIA26ulB+Q5nDVzuQ71qi0s0wMjAws=",
        "owner": "NixOS",
        "repo": "nixpkgs",
        "rev": "cd749f58ba83f7155b7062dd49d08e5e47e44d50",
        "type": "github"
      },
      "original": {
        "owner": "NixOS",
        "ref": "nixos-22.11",
        "repo": "nixpkgs",
        "type": "github"
      }
    },
    "nixpkgs_4": {
      "locked": {
        "lastModified": 1680151711,
        "narHash": "sha256-7vMCXF4t7E07C1jDNzLMDXvPDAuDjNFMX3Zin+8nYY4=",
        "owner": "NixOS",
        "repo": "nixpkgs",
        "rev": "e608c90a1cf381dde6ac9e0f085337150f2af3e2",
        "type": "github"
      },
      "original": {
        "owner": "NixOS",
        "ref": "nixpkgs-unstable",
        "repo": "nixpkgs",
        "type": "github"
      }
    },
    "nixpkgs_5": {
      "locked": {
        "lastModified": 1679793451,
        "narHash": "sha256-JafTtgMDATE8dZOImBhWMA9RCn9AP8FVOpN+9K/tTlg=",
        "owner": "NixOS",
        "repo": "nixpkgs",
        "rev": "0cd51a933d91078775b300cf0f29aa3495231aa2",
        "type": "github"
      },
      "original": {
        "id": "nixpkgs",
        "type": "indirect"
      }
    },
    "nixpkgs_6": {
      "locked": {
        "lastModified": 1622516815,
        "narHash": "sha256-ZjBd81a6J3TwtlBr3rHsZspYUwT9OdhDk+a/SgSEf7I=",
        "owner": "NixOS",
        "repo": "nixpkgs",
        "rev": "7e9b0dff974c89e070da1ad85713ff3c20b0ca97",
        "type": "github"
      },
      "original": {
        "owner": "NixOS",
        "ref": "21.05",
        "repo": "nixpkgs",
        "type": "github"
      }
    },
    "nixpkgs_7": {
      "locked": {
        "lastModified": 1681217261,
        "narHash": "sha256-RbxCHWN3Vhyv/WEsXcJlDwF7bpvZ9NxDjfSouQxXEKo=",
        "owner": "nixos",
        "repo": "nixpkgs",
        "rev": "3fb8eedc450286d5092e4953118212fa21091b3b",
        "type": "github"
      },
      "original": {
        "owner": "nixos",
        "ref": "nixos-unstable",
        "repo": "nixpkgs",
        "type": "github"
      }
    },
    "nixpkgs_8": {
      "locked": {
        "lastModified": 1679734080,
        "narHash": "sha256-z846xfGLlon6t9lqUzlNtBOmsgQLQIZvR6Lt2dImk1M=",
        "owner": "NixOS",
        "repo": "nixpkgs",
        "rev": "dbf5322e93bcc6cfc52268367a8ad21c09d76fea",
        "type": "github"
      },
      "original": {
        "owner": "NixOS",
        "ref": "nixpkgs-unstable",
        "repo": "nixpkgs",
        "type": "github"
      }
    },
    "nuenv": {
      "inputs": {
        "nixpkgs": "nixpkgs_5",
        "rust-overlay": "rust-overlay"
      },
      "locked": {
        "lastModified": 1680179528,
        "narHash": "sha256-Ax88cHZt90fG/IHjkdXXfuCcks1rpBxge3m/LuInDMg=",
        "owner": "DeterminateSystems",
        "repo": "nuenv",
        "rev": "8f654fae8465aa8dbf1219e5430710c328392e0b",
        "type": "github"
      },
      "original": {
        "owner": "DeterminateSystems",
        "repo": "nuenv",
        "type": "github"
      }
    },
    "pre-commit-hooks": {
      "inputs": {
        "flake-compat": [
          "jenkins-nix-ci",
          "cachix",
          "devenv",
          "flake-compat"
        ],
        "flake-utils": "flake-utils",
        "gitignore": "gitignore",
        "nixpkgs": [
          "jenkins-nix-ci",
          "cachix",
          "devenv",
          "nixpkgs"
        ],
        "nixpkgs-stable": "nixpkgs-stable"
      },
      "locked": {
        "lastModified": 1678376203,
        "narHash": "sha256-3tyYGyC8h7fBwncLZy5nCUjTJPrHbmNwp47LlNLOHSM=",
        "owner": "cachix",
        "repo": "pre-commit-hooks.nix",
        "rev": "1a20b9708962096ec2481eeb2ddca29ed747770a",
        "type": "github"
      },
      "original": {
        "owner": "cachix",
        "repo": "pre-commit-hooks.nix",
        "type": "github"
      }
    },
    "root": {
      "inputs": {
        "deploy-rs": "deploy-rs",
        "flake-parts": "flake-parts",
        "home-manager": "home-manager",
        "jenkins-nix-ci": "jenkins-nix-ci",
        "nix-darwin": "nix-darwin",
        "nixos-flake": "nixos-flake",
        "nixpkgs": "nixpkgs_7",
        "sops-nix": "sops-nix"
      }
    },
    "rust-overlay": {
      "inputs": {
        "flake-utils": "flake-utils_2",
        "nixpkgs": [
          "jenkins-nix-ci",
          "flake-outputs",
          "nuenv",
          "nixpkgs"
        ]
      },
      "locked": {
        "lastModified": 1679970108,
        "narHash": "sha256-8OfySbY1hhBzj0Iz90k4se6oFCGS3+ke31vkd0d4k/o=",
        "owner": "oxalica",
        "repo": "rust-overlay",
        "rev": "26ef1a2029239e204e51ab3402f8aae5aa1187ed",
        "type": "github"
      },
      "original": {
        "owner": "oxalica",
        "repo": "rust-overlay",
        "type": "github"
      }
    },
    "sops-nix": {
      "inputs": {
        "nixpkgs": "nixpkgs_8",
        "nixpkgs-stable": "nixpkgs-stable_2"
      },
      "locked": {
        "lastModified": 1683576450,
        "narHash": "sha256-seuxApVNHAjbDV2OkRVQ1vzuaOBQcJ/WEyzIlAA+3oU=",
        "owner": "juspay",
        "repo": "sops-nix",
        "rev": "f4b1471b239dcc55cd8e8a8f3fc410c73511e62b",
        "type": "github"
      },
      "original": {
        "owner": "juspay",
        "ref": "json-nested",
        "repo": "sops-nix",
        "type": "github"
      }
    },
    "utils": {
      "locked": {
        "lastModified": 1667395993,
        "narHash": "sha256-nuEHfE/LcWyuSWnS8t12N1wc105Qtau+/OdUAjtQ0rA=",
        "owner": "numtide",
        "repo": "flake-utils",
        "rev": "5aed5285a952e0b949eb3ba02c12fa4fcfef535f",
        "type": "github"
      },
      "original": {
        "owner": "numtide",
        "repo": "flake-utils",
        "type": "github"
      }
    }
  },
  "root": "root",
  "version": 7
}
