{
  "nodes": {
    "devour-flake": {
      "flake": false,
      "locked": {
        "lastModified": 1688415872,
        "narHash": "sha256-lsFVQODpaVtGVjFC6D1yAFECOhkNfejXJ7SwhxkzYck=",
        "owner": "srid",
        "repo": "devour-flake",
        "rev": "06e1ccbd53517c457cf33e0d7de95fea693bfb11",
        "type": "github"
      },
      "original": {
        "owner": "srid",
        "repo": "devour-flake",
        "type": "github"
      }
    },
    "flake-compat": {
      "flake": false,
      "locked": {
        "lastModified": 1606424373,
        "narHash": "sha256-oq8d4//CJOrVj+EcOaSXvMebvuTkmBJuT5tzlfewUnQ=",
        "owner": "edolstra",
        "repo": "flake-compat",
        "rev": "99f1c2157fba4bfe6211a321fd0ee43199025dbf",
        "type": "github"
      },
      "original": {
        "owner": "edolstra",
        "repo": "flake-compat",
        "type": "github"
      }
    },
    "flake-outputs": {
      "inputs": {
        "flake-parts": "flake-parts",
        "nixpkgs": "nixpkgs",
        "nuenv": "nuenv"
      },
      "locked": {
        "lastModified": 1681316211,
        "narHash": "sha256-pg13Q/OhXGsvCR3bUPV6vhRpwCmnYsxy7+vPjbAueJg=",
        "owner": "nix-systems",
        "repo": "flake-outputs",
        "rev": "ea55b0354b05fb64a918cc33daf69c15a55aa39b",
        "type": "github"
      },
      "original": {
        "owner": "nix-systems",
        "repo": "flake-outputs",
        "type": "github"
      }
    },
    "flake-parts": {
      "inputs": {
        "nixpkgs-lib": "nixpkgs-lib"
      },
      "locked": {
        "lastModified": 1679737941,
        "narHash": "sha256-srSD9CwsVPnUMsIZ7Kt/UegkKUEBcTyU1Rev7mO45S0=",
        "owner": "hercules-ci",
        "repo": "flake-parts",
        "rev": "3502ee99d6dade045bdeaf7b0cd8ec703484c25c",
        "type": "github"
      },
      "original": {
        "owner": "hercules-ci",
        "repo": "flake-parts",
        "type": "github"
      }
    },
    "flake-utils": {
      "locked": {
        "lastModified": 1659877975,
        "narHash": "sha256-zllb8aq3YO3h8B/U0/J1WBgAL8EX5yWf5pMj3G0NAmc=",
        "owner": "numtide",
        "repo": "flake-utils",
        "rev": "c0e246b9b83f637f4681389ecabcb2681b4f3af0",
        "type": "github"
      },
      "original": {
        "owner": "numtide",
        "repo": "flake-utils",
        "type": "github"
      }
    },
    "flake-utils_2": {
      "locked": {
        "lastModified": 1623875721,
        "narHash": "sha256-A8BU7bjS5GirpAUv4QA+QnJ4CceLHkcXdRp4xITDB0s=",
        "owner": "numtide",
        "repo": "flake-utils",
        "rev": "f7e004a55b120c02ecb6219596820fcd32ca8772",
        "type": "github"
      },
      "original": {
        "owner": "numtide",
        "repo": "flake-utils",
        "type": "github"
      }
    },
    "jenkinsPlugins2nix": {
      "inputs": {
        "flake-compat": "flake-compat",
        "flake-utils": "flake-utils_2",
        "nixpkgs": "nixpkgs_3"
      },
      "locked": {
        "lastModified": 1629079129,
        "narHash": "sha256-OKNtUKjANDK0wEFypSsHuJuolg76OYEVPsNAwUBbLS4=",
        "owner": "Fuuzetsu",
        "repo": "jenkinsPlugins2nix",
        "rev": "fabb57351f23a6d458a638510b926d4c3f452ec2",
        "type": "github"
      },
      "original": {
        "owner": "Fuuzetsu",
        "repo": "jenkinsPlugins2nix",
        "type": "github"
      }
    },
    "nixpkgs": {
      "locked": {
        "lastModified": 1680151711,
        "narHash": "sha256-7vMCXF4t7E07C1jDNzLMDXvPDAuDjNFMX3Zin+8nYY4=",
        "owner": "NixOS",
        "repo": "nixpkgs",
        "rev": "e608c90a1cf381dde6ac9e0f085337150f2af3e2",
        "type": "github"
      },
      "original": {
        "owner": "NixOS",
        "ref": "nixpkgs-unstable",
        "repo": "nixpkgs",
        "type": "github"
      }
    },
    "nixpkgs-lib": {
      "locked": {
        "dir": "lib",
        "lastModified": 1678375444,
        "narHash": "sha256-XIgHfGvjFvZQ8hrkfocanCDxMefc/77rXeHvYdzBMc8=",
        "owner": "NixOS",
        "repo": "nixpkgs",
        "rev": "130fa0baaa2b93ec45523fdcde942f6844ee9f6e",
        "type": "github"
      },
      "original": {
        "dir": "lib",
        "owner": "NixOS",
        "ref": "nixos-unstable",
        "repo": "nixpkgs",
        "type": "github"
      }
    },
    "nixpkgs_2": {
      "locked": {
        "lastModified": 1679793451,
        "narHash": "sha256-JafTtgMDATE8dZOImBhWMA9RCn9AP8FVOpN+9K/tTlg=",
        "owner": "NixOS",
        "repo": "nixpkgs",
        "rev": "0cd51a933d91078775b300cf0f29aa3495231aa2",
        "type": "github"
      },
      "original": {
        "id": "nixpkgs",
        "type": "indirect"
      }
    },
    "nixpkgs_3": {
      "locked": {
        "lastModified": 1622516815,
        "narHash": "sha256-ZjBd81a6J3TwtlBr3rHsZspYUwT9OdhDk+a/SgSEf7I=",
        "owner": "NixOS",
        "repo": "nixpkgs",
        "rev": "7e9b0dff974c89e070da1ad85713ff3c20b0ca97",
        "type": "github"
      },
      "original": {
        "owner": "NixOS",
        "ref": "21.05",
        "repo": "nixpkgs",
        "type": "github"
      }
    },
    "nuenv": {
      "inputs": {
        "nixpkgs": "nixpkgs_2",
        "rust-overlay": "rust-overlay"
      },
      "locked": {
        "lastModified": 1680179528,
        "narHash": "sha256-Ax88cHZt90fG/IHjkdXXfuCcks1rpBxge3m/LuInDMg=",
        "owner": "DeterminateSystems",
        "repo": "nuenv",
        "rev": "8f654fae8465aa8dbf1219e5430710c328392e0b",
        "type": "github"
      },
      "original": {
        "owner": "DeterminateSystems",
        "repo": "nuenv",
        "type": "github"
      }
    },
    "root": {
      "inputs": {
        "devour-flake": "devour-flake",
        "flake-outputs": "flake-outputs",
        "jenkinsPlugins2nix": "jenkinsPlugins2nix"
      }
    },
    "rust-overlay": {
      "inputs": {
        "flake-utils": "flake-utils",
        "nixpkgs": [
          "flake-outputs",
          "nuenv",
          "nixpkgs"
        ]
      },
      "locked": {
        "lastModified": 1679970108,
        "narHash": "sha256-8OfySbY1hhBzj0Iz90k4se6oFCGS3+ke31vkd0d4k/o=",
        "owner": "oxalica",
        "repo": "rust-overlay",
        "rev": "26ef1a2029239e204e51ab3402f8aae5aa1187ed",
        "type": "github"
      },
      "original": {
        "owner": "oxalica",
        "repo": "rust-overlay",
        "type": "github"
      }
    }
  },
  "root": "root",
  "version": 7
}
