{
  "nodes": {
    "flake-compat": {
      "flake": false,
      "locked": {
        "lastModified": 1606424373,
        "narHash": "sha256-oq8d4//CJOrVj+EcOaSXvMebvuTkmBJuT5tzlfewUnQ=",
        "owner": "edolstra",
        "repo": "flake-compat",
        "rev": "99f1c2157fba4bfe6211a321fd0ee43199025dbf",
        "type": "github"
      },
      "original": {
        "owner": "edolstra",
        "repo": "flake-compat",
        "type": "github"
      }
    },
    "flake-parts": {
      "inputs": {
        "nixpkgs-lib": "nixpkgs-lib"
      },
      "locked": {
        "lastModified": 1679737941,
        "narHash": "sha256-srSD9CwsVPnUMsIZ7Kt/UegkKUEBcTyU1Rev7mO45S0=",
        "owner": "hercules-ci",
        "repo": "flake-parts",
        "rev": "3502ee99d6dade045bdeaf7b0cd8ec703484c25c",
        "type": "github"
      },
      "original": {
        "id": "flake-parts",
        "type": "indirect"
      }
    },
    "flake-utils": {
      "locked": {
        "lastModified": 1623875721,
        "narHash": "sha256-A8BU7bjS5GirpAUv4QA+QnJ4CceLHkcXdRp4xITDB0s=",
        "owner": "numtide",
        "repo": "flake-utils",
        "rev": "f7e004a55b120c02ecb6219596820fcd32ca8772",
        "type": "github"
      },
      "original": {
        "owner": "numtide",
        "repo": "flake-utils",
        "type": "github"
      }
    },
    "jenkinsPlugins2nix": {
      "inputs": {
        "flake-compat": "flake-compat",
        "flake-utils": "flake-utils",
        "nixpkgs": "nixpkgs"
      },
      "locked": {
        "lastModified": 1629079129,
        "narHash": "sha256-OKNtUKjANDK0wEFypSsHuJuolg76OYEVPsNAwUBbLS4=",
        "owner": "Fuuzetsu",
        "repo": "jenkinsPlugins2nix",
        "rev": "fabb57351f23a6d458a638510b926d4c3f452ec2",
        "type": "github"
      },
      "original": {
        "owner": "Fuuzetsu",
        "repo": "jenkinsPlugins2nix",
        "type": "github"
      }
    },
    "nixpkgs": {
      "locked": {
        "lastModified": 1622516815,
        "narHash": "sha256-ZjBd81a6J3TwtlBr3rHsZspYUwT9OdhDk+a/SgSEf7I=",
        "owner": "NixOS",
        "repo": "nixpkgs",
        "rev": "7e9b0dff974c89e070da1ad85713ff3c20b0ca97",
        "type": "github"
      },
      "original": {
        "owner": "NixOS",
        "ref": "21.05",
        "repo": "nixpkgs",
        "type": "github"
      }
    },
    "nixpkgs-lib": {
      "locked": {
        "dir": "lib",
        "lastModified": 1678375444,
        "narHash": "sha256-XIgHfGvjFvZQ8hrkfocanCDxMefc/77rXeHvYdzBMc8=",
        "owner": "NixOS",
        "repo": "nixpkgs",
        "rev": "130fa0baaa2b93ec45523fdcde942f6844ee9f6e",
        "type": "github"
      },
      "original": {
        "dir": "lib",
        "owner": "NixOS",
        "ref": "nixos-unstable",
        "repo": "nixpkgs",
        "type": "github"
      }
    },
    "root": {
      "inputs": {
        "flake-parts": "flake-parts",
        "jenkinsPlugins2nix": "jenkinsPlugins2nix"
      }
    }
  },
  "root": "root",
  "version": 7
}
